# THIS IS AN AUTOGENERATED FILE. DO NOT EDIT THIS FILE DIRECTLY.
# yarn lockfile v1


anymatch@~3.1.2:
  version "3.1.2"
  resolved "https://registry.yarnpkg.com/anymatch/-/anymatch-3.1.2.tgz#c0557c096af32f106198f4f4e2a383537e378716"
  integrity sha512-P43ePfOAIupkguHUycrc4qJ9kz8ZiuOUijaETwX7THt0Y/GNK7v0aa8rY816xWjZ7rJdA5XdMcpVFTKMq+RvWg==
  dependencies:
    normalize-path "^3.0.0"
    picomatch "^2.0.4"

binary-extensions@^2.0.0:
  version "2.2.0"
  resolved "https://registry.yarnpkg.com/binary-extensions/-/binary-extensions-2.2.0.tgz#75f502eeaf9ffde42fc98829645be4ea76bd9e2d"
  integrity sha512-jDctJ/IVQbZoJykoeHbhXpOlNBqGNcwXJKJog42E5HDPUwQTSdjCHdihjj0DlnheQ7blbT6dHOafNAiS8ooQKA==

braces@~3.0.2:
  version "3.0.2"
  resolved "https://registry.yarnpkg.com/braces/-/braces-3.0.2.tgz#3454e1a462ee8d599e236df336cd9ea4f8afe107"
  integrity sha512-b8um+L1RzM3WDSzvhm6gIz1yfTbBt6YTlcEKAvsmqCZZFw46z626lVj9j1yEPW33H5H+lBQpZMP1k8l+78Ha0A==
  dependencies:
    fill-range "^7.0.1"

"chokidar@>=3.0.0 <4.0.0":
  version "3.5.3"
  resolved "https://registry.yarnpkg.com/chokidar/-/chokidar-3.5.3.tgz#1cf37c8707b932bd1af1ae22c0432e2acd1903bd"
  integrity sha512-Dr3sfKRP6oTcjf2JmUmFJfeVMvXBdegxB0iVQ5eb2V10uFJUCAS8OByZdVAyVb8xXNz3GjjTgj9kLWsZTqE6kw==
  dependencies:
    anymatch "~3.1.2"
    braces "~3.0.2"
    glob-parent "~5.1.2"
    is-binary-path "~2.1.0"
    is-glob "~4.0.1"
    normalize-path "~3.0.0"
    readdirp "~3.6.0"
  optionalDependencies:
    fsevents "~2.3.2"

esbuild-android-64@0.14.50:
  version "0.14.50"
  resolved "https://registry.yarnpkg.com/esbuild-android-64/-/esbuild-android-64-0.14.50.tgz#a46fc80fa2007690e647680d837483a750a3097f"
  integrity sha512-H7iUEm7gUJHzidsBlFPGF6FTExazcgXL/46xxLo6i6bMtPim6ZmXyTccS8yOMpy6HAC6dPZ/JCQqrkkin69n6Q==

esbuild-android-arm64@0.14.50:
  version "0.14.50"
  resolved "https://registry.yarnpkg.com/esbuild-android-arm64/-/esbuild-android-arm64-0.14.50.tgz#bdda7851fa7f5f770d6ff0ad593a8945d3a0fcdd"
  integrity sha512-NFaoqEwa+OYfoYVpQWDMdKII7wZZkAjtJFo1WdnBeCYlYikvUhTnf2aPwPu5qEAw/ie1NYK0yn3cafwP+kP+OQ==

esbuild-darwin-64@0.14.50:
  version "0.14.50"
  resolved "https://registry.yarnpkg.com/esbuild-darwin-64/-/esbuild-darwin-64-0.14.50.tgz#f0535435f9760766f30db14a991ee5ca94c022a4"
  integrity sha512-gDQsCvGnZiJv9cfdO48QqxkRV8oKAXgR2CGp7TdIpccwFdJMHf8hyIJhMW/05b/HJjET/26Us27Jx91BFfEVSA==

esbuild-darwin-arm64@0.14.50:
  version "0.14.50"
  resolved "https://registry.yarnpkg.com/esbuild-darwin-arm64/-/esbuild-darwin-arm64-0.14.50.tgz#76a41a40e8947a15ae62970e9ed2853883c4b16c"
  integrity sha512-36nNs5OjKIb/Q50Sgp8+rYW/PqirRiFN0NFc9hEvgPzNJxeJedktXwzfJSln4EcRFRh5Vz4IlqFRScp+aiBBzA==

esbuild-freebsd-64@0.14.50:
  version "0.14.50"
  resolved "https://registry.yarnpkg.com/esbuild-freebsd-64/-/esbuild-freebsd-64-0.14.50.tgz#2ed6633c17ed42c20a1bd68e82c4bbc75ea4fb57"
  integrity sha512-/1pHHCUem8e/R86/uR+4v5diI2CtBdiWKiqGuPa9b/0x3Nwdh5AOH7lj+8823C6uX1e0ufwkSLkS+aFZiBCWxA==

esbuild-freebsd-arm64@0.14.50:
  version "0.14.50"
  resolved "https://registry.yarnpkg.com/esbuild-freebsd-arm64/-/esbuild-freebsd-arm64-0.14.50.tgz#cb115f4cdafe9cdbe58875ba482fccc54d32aa43"
  integrity sha512-iKwUVMQztnPZe5pUYHdMkRc9aSpvoV1mkuHlCoPtxZA3V+Kg/ptpzkcSY+fKd0kuom+l6Rc93k0UPVkP7xoqrw==

esbuild-linux-32@0.14.50:
  version "0.14.50"
  resolved "https://registry.yarnpkg.com/esbuild-linux-32/-/esbuild-linux-32-0.14.50.tgz#fe2b724994dcf1d4e48dc4832ff008ad7d00bcfd"
  integrity sha512-sWUwvf3uz7dFOpLzYuih+WQ7dRycrBWHCdoXJ4I4XdMxEHCECd8b7a9N9u7FzT6XR2gHPk9EzvchQUtiEMRwqw==

esbuild-linux-64@0.14.50:
  version "0.14.50"
  resolved "https://registry.yarnpkg.com/esbuild-linux-64/-/esbuild-linux-64-0.14.50.tgz#7851ab5151df9501a2187bd4909c594ad232b623"
  integrity sha512-u0PQxPhaeI629t4Y3EEcQ0wmWG+tC/LpP2K7yDFvwuPq0jSQ8SIN+ARNYfRjGW15O2we3XJvklbGV0wRuUCPig==

esbuild-linux-arm64@0.14.50:
  version "0.14.50"
  resolved "https://registry.yarnpkg.com/esbuild-linux-arm64/-/esbuild-linux-arm64-0.14.50.tgz#76a76afef484a0512f1fbbcc762edd705dee8892"
  integrity sha512-ZyfoNgsTftD7Rp5S7La5auomKdNeB3Ck+kSKXC4pp96VnHyYGjHHXWIlcbH8i+efRn9brszo1/Thl1qn8RqmhQ==

esbuild-linux-arm@0.14.50:
  version "0.14.50"
  resolved "https://registry.yarnpkg.com/esbuild-linux-arm/-/esbuild-linux-arm-0.14.50.tgz#6d7a8c0712091b0c3a668dd5d8b5c924adbaeb12"
  integrity sha512-VALZq13bhmFJYFE/mLEb+9A0w5vo8z+YDVOWeaf9vOTrSC31RohRIwtxXBnVJ7YKLYfEMzcgFYf+OFln3Y0cWg==

esbuild-linux-mips64le@0.14.50:
  version "0.14.50"
  resolved "https://registry.yarnpkg.com/esbuild-linux-mips64le/-/esbuild-linux-mips64le-0.14.50.tgz#43426909c1884c5dc6b40765673a08a7ec1d2064"
  integrity sha512-ygo31Vxn/WrmjKCHkBoutOlFG5yM9J2UhzHb0oWD9O61dGg+Hzjz9hjf5cmM7FBhAzdpOdEWHIrVOg2YAi6rTw==

esbuild-linux-ppc64le@0.14.50:
  version "0.14.50"
  resolved "https://registry.yarnpkg.com/esbuild-linux-ppc64le/-/esbuild-linux-ppc64le-0.14.50.tgz#c754ea3da1dd180c6e9b6b508dc18ce983d92b11"
  integrity sha512-xWCKU5UaiTUT6Wz/O7GKP9KWdfbsb7vhfgQzRfX4ahh5NZV4ozZ4+SdzYG8WxetsLy84UzLX3Pi++xpVn1OkFQ==

esbuild-linux-riscv64@0.14.50:
  version "0.14.50"
  resolved "https://registry.yarnpkg.com/esbuild-linux-riscv64/-/esbuild-linux-riscv64-0.14.50.tgz#f3b2dd3c4c2b91bf191d3b98a9819c8aa6f5ad7f"
  integrity sha512-0+dsneSEihZTopoO9B6Z6K4j3uI7EdxBP7YSF5rTwUgCID+wHD3vM1gGT0m+pjCW+NOacU9kH/WE9N686FHAJg==

esbuild-linux-s390x@0.14.50:
  version "0.14.50"
  resolved "https://registry.yarnpkg.com/esbuild-linux-s390x/-/esbuild-linux-s390x-0.14.50.tgz#3dfbc4578b2a81995caabb79df2b628ea86a5390"
  integrity sha512-tVjqcu8o0P9H4StwbIhL1sQYm5mWATlodKB6dpEZFkcyTI8kfIGWiWcrGmkNGH2i1kBUOsdlBafPxR3nzp3TDA==

esbuild-netbsd-64@0.14.50:
  version "0.14.50"
  resolved "https://registry.yarnpkg.com/esbuild-netbsd-64/-/esbuild-netbsd-64-0.14.50.tgz#17dbf51eaa48d983e794b588d195415410ef8c85"
  integrity sha512-0R/glfqAQ2q6MHDf7YJw/TulibugjizBxyPvZIcorH0Mb7vSimdHy0XF5uCba5CKt+r4wjax1mvO9lZ4jiAhEg==

esbuild-openbsd-64@0.14.50:
  version "0.14.50"
  resolved "https://registry.yarnpkg.com/esbuild-openbsd-64/-/esbuild-openbsd-64-0.14.50.tgz#cf6b1a50c8cf67b0725aaa4bce9773976168c50e"
  integrity sha512-7PAtmrR5mDOFubXIkuxYQ4bdNS6XCK8AIIHUiZxq1kL8cFIH5731jPcXQ4JNy/wbj1C9sZ8rzD8BIM80Tqk29w==

esbuild-sunos-64@0.14.50:
  version "0.14.50"
  resolved "https://registry.yarnpkg.com/esbuild-sunos-64/-/esbuild-sunos-64-0.14.50.tgz#f705ae0dd914c3b45dc43319c4f532216c3d841f"
  integrity sha512-gBxNY/wyptvD7PkHIYcq7se6SQEXcSC8Y7mE0FJB+CGgssEWf6vBPfTTZ2b6BWKnmaP6P6qb7s/KRIV5T2PxsQ==

esbuild-windows-32@0.14.50:
  version "0.14.50"
  resolved "https://registry.yarnpkg.com/esbuild-windows-32/-/esbuild-windows-32-0.14.50.tgz#6364905a99c1e6c1e2fe7bfccebd958131b1cd6c"
  integrity sha512-MOOe6J9cqe/iW1qbIVYSAqzJFh0p2LBLhVUIWdMVnNUNjvg2/4QNX4oT4IzgDeldU+Bym9/Tn6+DxvUHJXL5Zw==

esbuild-windows-64@0.14.50:
  version "0.14.50"
  resolved "https://registry.yarnpkg.com/esbuild-windows-64/-/esbuild-windows-64-0.14.50.tgz#56603cb6367e30d14098deb77de6aa18d76dd89b"
  integrity sha512-r/qE5Ex3w1jjGv/JlpPoWB365ldkppUlnizhMxJgojp907ZF1PgLTuW207kgzZcSCXyquL9qJkMsY+MRtaZ5yQ==

esbuild-windows-arm64@0.14.50:
  version "0.14.50"
  resolved "https://registry.yarnpkg.com/esbuild-windows-arm64/-/esbuild-windows-arm64-0.14.50.tgz#e7ddde6a97194051a5a4ac05f4f5900e922a7ea5"
  integrity sha512-EMS4lQnsIe12ZyAinOINx7eq2mjpDdhGZZWDwPZE/yUTN9cnc2Ze/xUTYIAyaJqrqQda3LnDpADKpvLvol6ENQ==

esbuild@^0.14.47:
  version "0.14.50"
  resolved "https://registry.yarnpkg.com/esbuild/-/esbuild-0.14.50.tgz#7a665392c8df94bf6e1ae1e999966a5ee62c6cbc"
  integrity sha512-SbC3k35Ih2IC6trhbMYW7hYeGdjPKf9atTKwBUHqMCYFZZ9z8zhuvfnZihsnJypl74FjiAKjBRqFkBkAd0rS/w==
  optionalDependencies:
    esbuild-android-64 "0.14.50"
    esbuild-android-arm64 "0.14.50"
    esbuild-darwin-64 "0.14.50"
    esbuild-darwin-arm64 "0.14.50"
    esbuild-freebsd-64 "0.14.50"
    esbuild-freebsd-arm64 "0.14.50"
    esbuild-linux-32 "0.14.50"
    esbuild-linux-64 "0.14.50"
    esbuild-linux-arm "0.14.50"
    esbuild-linux-arm64 "0.14.50"
    esbuild-linux-mips64le "0.14.50"
    esbuild-linux-ppc64le "0.14.50"
    esbuild-linux-riscv64 "0.14.50"
    esbuild-linux-s390x "0.14.50"
    esbuild-netbsd-64 "0.14.50"
    esbuild-openbsd-64 "0.14.50"
    esbuild-sunos-64 "0.14.50"
    esbuild-windows-32 "0.14.50"
    esbuild-windows-64 "0.14.50"
    esbuild-windows-arm64 "0.14.50"

fill-range@^7.0.1:
  version "7.0.1"
  resolved "https://registry.yarnpkg.com/fill-range/-/fill-range-7.0.1.tgz#1919a6a7c75fe38b2c7c77e5198535da9acdda40"
  integrity sha512-qOo9F+dMUmC2Lcb4BbVvnKJxTPjCm+RRpe4gDuGrzkL7mEVl/djYSu2OdQ2Pa302N4oqkSg9ir6jaLWJ2USVpQ==
  dependencies:
    to-regex-range "^5.0.1"

fsevents@~2.3.2:
  version "2.3.2"
  resolved "https://registry.yarnpkg.com/fsevents/-/fsevents-2.3.2.tgz#8a526f78b8fdf4623b709e0b975c52c24c02fd1a"
  integrity sha512-xiqMQR4xAeHTuB9uWm+fFRcIOgKBMiOBP+eXiyT7jsgVCq1bkVygt00oASowB7EdtpOHaaPgKt812P9ab+DDKA==

function-bind@^1.1.1:
  version "1.1.1"
  resolved "https://registry.yarnpkg.com/function-bind/-/function-bind-1.1.1.tgz#a56899d3ea3c9bab874bb9773b7c5ede92f4895d"
  integrity sha512-yIovAzMX49sF8Yl58fSCWJ5svSLuaibPxXQJFLmBObTuCr0Mf1KiPopGM9NiFjiYBCbfaa2Fh6breQ6ANVTI0A==

glob-parent@~5.1.2:
  version "5.1.2"
  resolved "https://registry.yarnpkg.com/glob-parent/-/glob-parent-5.1.2.tgz#869832c58034fe68a4093c17dc15e8340d8401c4"
  integrity sha512-AOIgSQCepiJYwP3ARnGx+5VnTu2HBYdzbGP45eLw1vr3zB3vZLeyed1sC9hnbcOc9/SrMyM5RPQrkGz4aS9Zow==
  dependencies:
    is-glob "^4.0.1"

has@^1.0.3:
  version "1.0.3"
  resolved "https://registry.yarnpkg.com/has/-/has-1.0.3.tgz#722d7cbfc1f6aa8241f16dd814e011e1f41e8796"
  integrity sha512-f2dvO0VU6Oej7RkWJGrehjbzMAjFp5/VKPp5tTpWIV4JHHZK1/BxbFRtf/siA2SWTe09caDmVtYYzWEIbBS4zw==
  dependencies:
    function-bind "^1.1.1"

immutable@^4.0.0:
  version "4.1.0"
  resolved "https://registry.yarnpkg.com/immutable/-/immutable-4.1.0.tgz#f795787f0db780183307b9eb2091fcac1f6fafef"
  integrity sha512-oNkuqVTA8jqG1Q6c+UglTOD1xhC1BtjKI7XkCXRkZHrN5m18/XsnUp8Q89GkQO/z+0WjonSvl0FLhDYftp46nQ==

is-binary-path@~2.1.0:
  version "2.1.0"
  resolved "https://registry.yarnpkg.com/is-binary-path/-/is-binary-path-2.1.0.tgz#ea1f7f3b80f064236e83470f86c09c254fb45b09"
  integrity sha512-ZMERYes6pDydyuGidse7OsHxtbI7WVeUEozgR/g7rd0xUimYNlvZRE/K2MgZTjWy725IfelLeVcEM97mmtRGXw==
  dependencies:
    binary-extensions "^2.0.0"

is-core-module@^2.9.0:
  version "2.9.0"
  resolved "https://registry.yarnpkg.com/is-core-module/-/is-core-module-2.9.0.tgz#e1c34429cd51c6dd9e09e0799e396e27b19a9c69"
  integrity sha512-+5FPy5PnwmO3lvfMb0AsoPaBG+5KHUI0wYFXOtYPnVVVspTFUuMZNfNaNVRt3FZadstu2c8x23vykRW/NBoU6A==
  dependencies:
    has "^1.0.3"

is-extglob@^2.1.1:
  version "2.1.1"
  resolved "https://registry.yarnpkg.com/is-extglob/-/is-extglob-2.1.1.tgz#a88c02535791f02ed37c76a1b9ea9773c833f8c2"
  integrity sha512-SbKbANkN603Vi4jEZv49LeVJMn4yGwsbzZworEoyEiutsN3nJYdbO36zfhGJ6QEDpOZIFkDtnq5JRxmvl3jsoQ==

is-glob@^4.0.1, is-glob@~4.0.1:
  version "4.0.3"
  resolved "https://registry.yarnpkg.com/is-glob/-/is-glob-4.0.3.tgz#64f61e42cbbb2eec2071a9dac0b28ba1e65d5084"
  integrity sha512-xelSayHH36ZgE7ZWhli7pW34hNbNl8Ojv5KVmkJD4hBdD3th8Tfk9vYasLM+mXWOZhFkgZfxhLSnrwRr4elSSg==
  dependencies:
    is-extglob "^2.1.1"

is-number@^7.0.0:
  version "7.0.0"
  resolved "https://registry.yarnpkg.com/is-number/-/is-number-7.0.0.tgz#7535345b896734d5f80c4d06c50955527a14f12b"
  integrity sha512-41Cifkg6e8TylSpdtTpeLVMqvSBEVzTttHvERD741+pnZ8ANv0004MRL43QKPDlK9cGvNp6NZWZUBlbGXYxxng==

nanoid@^3.3.4:
  version "3.3.4"
  resolved "https://registry.yarnpkg.com/nanoid/-/nanoid-3.3.4.tgz#730b67e3cd09e2deacf03c027c81c9d9dbc5e8ab"
  integrity sha512-MqBkQh/OHTS2egovRtLk45wEyNXwF+cokD+1YPf9u5VfJiRdAiRwB2froX5Co9Rh20xs4siNPm8naNotSD6RBw==

normalize-path@^3.0.0, normalize-path@~3.0.0:
  version "3.0.0"
  resolved "https://registry.yarnpkg.com/normalize-path/-/normalize-path-3.0.0.tgz#0dcd69ff23a1c9b11fd0978316644a0388216a65"
  integrity sha512-6eZs5Ls3WtCisHWp9S2GUy8dqkpGi4BVSz3GaqiE6ezub0512ESztXUwUB6C6IKbQkY2Pnb/mD4WYojCRwcwLA==

path-parse@^1.0.7:
  version "1.0.7"
  resolved "https://registry.yarnpkg.com/path-parse/-/path-parse-1.0.7.tgz#fbc114b60ca42b30d9daf5858e4bd68bbedb6735"
  integrity sha512-LDJzPVEEEPR+y48z93A0Ed0yXb8pAByGWo/k5YYdYgpY2/2EsOsksJrq7lOHxryrVOn1ejG6oAp8ahvOIQD8sw==

picocolors@^1.0.0:
  version "1.0.0"
  resolved "https://registry.yarnpkg.com/picocolors/-/picocolors-1.0.0.tgz#cb5bdc74ff3f51892236eaf79d68bc44564ab81c"
  integrity sha512-1fygroTLlHu66zi26VoTDv8yRgm0Fccecssto+MhsZ0D/DGW2sm8E8AjW7NU5VVTRt5GxbeZ5qBuJr+HyLYkjQ==

picomatch@^2.0.4, picomatch@^2.2.1:
  version "2.3.1"
  resolved "https://registry.yarnpkg.com/picomatch/-/picomatch-2.3.1.tgz#3ba3833733646d9d3e4995946c1365a67fb07a42"
  integrity sha512-JU3teHTNjmE2VCGFzuY8EXzCDVwEqB2a8fsIvwaStHhAWJEeVd1o1QD80CU6+ZdEXXSLbSsuLwJjkCBWqRQUVA==

postcss@^8.4.14:
  version "8.4.14"
  resolved "https://registry.yarnpkg.com/postcss/-/postcss-8.4.14.tgz#ee9274d5622b4858c1007a74d76e42e56fd21caf"
  integrity sha512-E398TUmfAYFPBSdzgeieK2Y1+1cpdxJx8yXbK/m57nRhKSmk1GB2tO4lbLBtlkfPQTDKfe4Xqv1ASWPpayPEig==
  dependencies:
    nanoid "^3.3.4"
    picocolors "^1.0.0"
    source-map-js "^1.0.2"

readdirp@~3.6.0:
  version "3.6.0"
  resolved "https://registry.yarnpkg.com/readdirp/-/readdirp-3.6.0.tgz#74a370bd857116e245b29cc97340cd431a02a6c7"
  integrity sha512-hOS089on8RduqdbhvQ5Z37A0ESjsqz6qnRcffsMU3495FuTdqSm+7bhJ29JvIOsBDEEnan5DPu9t3To9VRlMzA==
  dependencies:
    picomatch "^2.2.1"

resolve@^1.22.1:
  version "1.22.1"
  resolved "https://registry.yarnpkg.com/resolve/-/resolve-1.22.1.tgz#27cb2ebb53f91abb49470a928bba7558066ac177"
  integrity sha512-nBpuuYuY5jFsli/JIs1oldw6fOQCBioohqWZg/2hiaOybXOft4lonv85uDOKXdf8rhyK159cxU5cDcK/NKk8zw==
  dependencies:
    is-core-module "^2.9.0"
    path-parse "^1.0.7"
    supports-preserve-symlinks-flag "^1.0.0"

rollup@^2.75.6:
  version "2.77.2"
  resolved "https://registry.yarnpkg.com/rollup/-/rollup-2.77.2.tgz#6b6075c55f9cc2040a5912e6e062151e42e2c4e3"
  integrity sha512-m/4YzYgLcpMQbxX3NmAqDvwLATZzxt8bIegO78FZLl+lAgKJBd1DRAOeEiZcKOIOPjxE6ewHWHNgGEalFXuz1g==
  optionalDependencies:
    fsevents "~2.3.2"

sass@^1.54.0:
  version "1.54.0"
  resolved "https://registry.yarnpkg.com/sass/-/sass-1.54.0.tgz#24873673265e2a4fe3d3a997f714971db2fba1f4"
  integrity sha512-C4zp79GCXZfK0yoHZg+GxF818/aclhp9F48XBu/+bm9vXEVAYov9iU3FBVRMq3Hx3OA4jfKL+p2K9180mEh0xQ==
  dependencies:
    chokidar ">=3.0.0 <4.0.0"
    immutable "^4.0.0"
    source-map-js ">=0.6.2 <2.0.0"

"source-map-js@>=0.6.2 <2.0.0", source-map-js@^1.0.2:
  version "1.0.2"
  resolved "https://registry.yarnpkg.com/source-map-js/-/source-map-js-1.0.2.tgz#adbc361d9c62df380125e7f161f71c826f1e490c"
  integrity sha512-R0XvVJ9WusLiqTCEiGCmICCMplcCkIwwR11mOSD9CR5u+IXYdiseeEuXCVAjS54zqwkLcPNnmU4OeJ6tUrWhDw==

supports-preserve-symlinks-flag@^1.0.0:
  version "1.0.0"
  resolved "https://registry.yarnpkg.com/supports-preserve-symlinks-flag/-/supports-preserve-symlinks-flag-1.0.0.tgz#6eda4bd344a3c94aea376d4cc31bc77311039e09"
  integrity sha512-ot0WnXS9fgdkgIcePe6RHNk1WA8+muPa6cSjeR3V8K27q9BB1rTE3R1p7Hv0z1ZyAc8s6Vvv8DIyWf681MAt0w==

to-regex-range@^5.0.1:
  version "5.0.1"
  resolved "https://registry.yarnpkg.com/to-regex-range/-/to-regex-range-5.0.1.tgz#1648c44aae7c8d988a326018ed72f5b4dd0392e4"
  integrity sha512-65P7iz6X5yEr1cwcgvQxbbIw7Uk3gOy5dIdtZ4rDveLqhrdJP+Li/Hx6tyK0NEb+2GCyneCMJiGqrADCSNk8sQ==
  dependencies:
    is-number "^7.0.0"

tsparticles-engine@^2.2.4:
  version "2.2.4"
  resolved "https://registry.yarnpkg.com/tsparticles-engine/-/tsparticles-engine-2.2.4.tgz#b45f56ad3f3f7c5cc0ace466815305e19cb554fc"
  integrity sha512-glpUmRJKdbtItcHqJhE05V224DsGSV283oXR9dR6aiqA92BX/2dxU/03YrvcbPTppuMo7rFsBMf4NrPV3tXEfw==

tsparticles-interaction-external-attract@^2.2.4:
  version "2.2.4"
  resolved "https://registry.yarnpkg.com/tsparticles-interaction-external-attract/-/tsparticles-interaction-external-attract-2.2.4.tgz#e8324502060dadac5f7593255b48ffa8d4022ed9"
  integrity sha512-o0eWDFX/wLu1Oih5/fdqhxAPPepjHCEX2iiheHe5EUYpRoGrtLy9feJ7fnRAklVsNKMaSx2+rG7mWYd7s/MPKQ==
  dependencies:
    tsparticles-engine "^2.2.4"

tsparticles-interaction-external-bounce@^2.2.4:
  version "2.2.4"
  resolved "https://registry.yarnpkg.com/tsparticles-interaction-external-bounce/-/tsparticles-interaction-external-bounce-2.2.4.tgz#b9d4f5e589d7edfe8c40b53a92195a290005afb3"
  integrity sha512-G7cDmYAxWPaP3WXDHKxvKFVy1EMOQWQQtsxp56d5r4wc7xhjvBPzEAfockt3+m7Qg5J0wzTb4CIpDQerfey4Sw==
  dependencies:
    tsparticles-engine "^2.2.4"

tsparticles-interaction-external-bubble@^2.2.4:
  version "2.2.4"
  resolved "https://registry.yarnpkg.com/tsparticles-interaction-external-bubble/-/tsparticles-interaction-external-bubble-2.2.4.tgz#6fcbdd460ed5322ca3b14abd85231bce93ec02a6"
  integrity sha512-apE8iL8GkKbn5IL/sTD0HvQLe1jobJayv4QDZAUJDfBBNY3/RkSU1eUBjz4vtrDHJK3sq8AURI5L8h01qY0Nqg==
  dependencies:
    tsparticles-engine "^2.2.4"

tsparticles-interaction-external-connect@^2.2.4:
  version "2.2.4"
  resolved "https://registry.yarnpkg.com/tsparticles-interaction-external-connect/-/tsparticles-interaction-external-connect-2.2.4.tgz#121ed27e936c4e140523935e8b8fe38fe92fa3a0"
  integrity sha512-X+aA06pge48cAhjxrQ6gAmJeQnkp18mewA+syW/SLzHmMHRWkVAw94n4/pjRZ32OxtGP+a2ANBPeENxHxZVqZA==
  dependencies:
    tsparticles-engine "^2.2.4"

tsparticles-interaction-external-grab@^2.2.4:
  version "2.2.4"
  resolved "https://registry.yarnpkg.com/tsparticles-interaction-external-grab/-/tsparticles-interaction-external-grab-2.2.4.tgz#6fc83628c4187d2a50b9ca671ce184b05f4d3a64"
  integrity sha512-bYSoKqFPKBVtSKWCmQlgxVKRkMpVmvMTNn3cWRi+4+fp9hurpnudYTznEIV5k9swFLfL+8o1DyJZIaSHl89zsQ==
  dependencies:
    tsparticles-engine "^2.2.4"

tsparticles-interaction-external-pause@^2.2.4:
  version "2.2.4"
  resolved "https://registry.yarnpkg.com/tsparticles-interaction-external-pause/-/tsparticles-interaction-external-pause-2.2.4.tgz#6f5c1f9e00caa769bd820aade4fd032a9d6c060f"
  integrity sha512-YfK0zmTieY3pODSahaDyPQSula28sAztecLKWzWz6zV16OWS8DulFhj0xLd3TTn4p8c2nZcFspapvwK6Tyq3dQ==
  dependencies:
    tsparticles-engine "^2.2.4"

tsparticles-interaction-external-push@^2.2.4:
  version "2.2.4"
  resolved "https://registry.yarnpkg.com/tsparticles-interaction-external-push/-/tsparticles-interaction-external-push-2.2.4.tgz#00a447f546fa728ef03c5166b2c23353ea375722"
  integrity sha512-wyqRNGpgWPSbntz2G3lwccrau7/LwsBF31BI7Kv49rcb/qGmVoEvZyakY6tRtIncCJHXXWXvvbeWeDdF/Ku39w==
  dependencies:
    tsparticles-engine "^2.2.4"

tsparticles-interaction-external-remove@^2.2.4:
  version "2.2.4"
  resolved "https://registry.yarnpkg.com/tsparticles-interaction-external-remove/-/tsparticles-interaction-external-remove-2.2.4.tgz#b154eecbcb5b1f5e308dfa70dd34c1d38bfab699"
  integrity sha512-RJi+npaklbV51IiTPAs2y7Exzw1NR6lKqkIDs3DP3evbusifTp9Q55+9aNmSLtXmzba8RIa/MbkMFob6YAvW0w==
  dependencies:
    tsparticles-engine "^2.2.4"

tsparticles-interaction-external-repulse@^2.2.4:
  version "2.2.4"
  resolved "https://registry.yarnpkg.com/tsparticles-interaction-external-repulse/-/tsparticles-interaction-external-repulse-2.2.4.tgz#19ae444f683aae16bf311e17f2bfe29aaca4b4c0"
  integrity sha512-R9yLwXdHMP1Zb3C9KgDfHT1pRyrKk12CfcwZXh3Zv90fPiR2k5RjoPZ+4twVF3wYShFnUvQzSoZRuyBWIp/9pw==
  dependencies:
    tsparticles-engine "^2.2.4"

tsparticles-interaction-particles-attract@^2.2.4:
  version "2.2.4"
  resolved "https://registry.yarnpkg.com/tsparticles-interaction-particles-attract/-/tsparticles-interaction-particles-attract-2.2.4.tgz#a7eebab7196873a590ac25cb12f38424461096c0"
  integrity sha512-9m0Yy5IdJL96Y9M/MjPV4bfT5oC1rtbJOhRPTgBwMF+386hreIQhefJmyoDjhkpiUTdvckHJfq/6eFo+48dVWQ==
  dependencies:
    tsparticles-engine "^2.2.4"

tsparticles-interaction-particles-collisions@^2.2.4:
  version "2.2.4"
  resolved "https://registry.yarnpkg.com/tsparticles-interaction-particles-collisions/-/tsparticles-interaction-particles-collisions-2.2.4.tgz#7b5f8c98458b12430b4924fd3dd575b58c30bd08"
  integrity sha512-6JudVbhB+PIJ/pZxV6yX3Wsy3o0zIg3R72nX18lZ2GtCLETjlri6dD6baMmnVJ65sst3LDuCp+1hRyOj9YJhfw==
  dependencies:
    tsparticles-engine "^2.2.4"

tsparticles-interaction-particles-links@^2.2.4:
  version "2.2.4"
  resolved "https://registry.yarnpkg.com/tsparticles-interaction-particles-links/-/tsparticles-interaction-particles-links-2.2.4.tgz#a24061874abe32e18609d686cf354f339d6f8b79"
  integrity sha512-3HtU6ONKBd89KAMMEhRhesrNP6O1CoWscAt/685R65j7jHEJ4ic07c3dZMT4+7ToqlJxgEqYnu39URPBvUywlw==
  dependencies:
    tsparticles-engine "^2.2.4"

tsparticles-move-base@^2.2.4:
  version "2.2.4"
  resolved "https://registry.yarnpkg.com/tsparticles-move-base/-/tsparticles-move-base-2.2.4.tgz#131ef3cd737554ddacb50006fe91e30efe7f0012"
  integrity sha512-eTtwBc/4QztBly08jrsWpiVitIQi9mWCbNQqKVB7YsFjy8uujOX9TWWLT7rxsRQcmVpt6j3M/N2wgZqAOFooZw==
  dependencies:
    tsparticles-engine "^2.2.4"

tsparticles-move-parallax@^2.2.4:
  version "2.2.4"
  resolved "https://registry.yarnpkg.com/tsparticles-move-parallax/-/tsparticles-move-parallax-2.2.4.tgz#6d1988e071236b8eec2f3b2c48ba1c57aea4a4e0"
  integrity sha512-5PjRqtTN0npCwuL+iQxrn3H4e1nk+whPOR/SFMu6NMXN066RMXv4gzWiAAgrX4LKRd0BrOaewJX7c5k+N865gQ==
  dependencies:
    tsparticles-engine "^2.2.4"

tsparticles-particles.js@^2.2.4:
  version "2.2.4"
  resolved "https://registry.yarnpkg.com/tsparticles-particles.js/-/tsparticles-particles.js-2.2.4.tgz#5a91294582eed01580b48b603fdffeb017233c53"
  integrity sha512-AV+vFXWoJNlFCu2UGddQTGUR2WacZCWxRNaLTPzPrrAT14IF17v+tCENOCxczwq6ObV07s4MOjcX34RG3D3kXA==
  dependencies:
    tsparticles-engine "^2.2.4"

tsparticles-shape-circle@^2.2.4:
  version "2.2.4"
  resolved "https://registry.yarnpkg.com/tsparticles-shape-circle/-/tsparticles-shape-circle-2.2.4.tgz#865c3eed706a9a0da5e56934f994225433048731"
  integrity sha512-l1hheEG9ZUeqYztyJc3oy/754J5M3+VFloXA2BaTquxBqZ8X2x1mfivZT3H9ODNKTTta9Wj1ZVgexQyQVZISnw==
  dependencies:
    tsparticles-engine "^2.2.4"

tsparticles-shape-image@^2.2.4:
  version "2.2.4"
  resolved "https://registry.yarnpkg.com/tsparticles-shape-image/-/tsparticles-shape-image-2.2.4.tgz#affa4248095929435df47994358dc90e8aebaec4"
  integrity sha512-p/P0HFBtVScvzrSP6uyCcrIyeHU2HDkiPIgfG1Wjyq7xuUFEif/Wga8OHaF8zwvrtMma60UTajmJLS/r9opKHA==
  dependencies:
    tsparticles-engine "^2.2.4"

tsparticles-shape-line@^2.2.4:
  version "2.2.4"
  resolved "https://registry.yarnpkg.com/tsparticles-shape-line/-/tsparticles-shape-line-2.2.4.tgz#0706a485c85c7e8ac61886c8bc9b65e914f7b7e8"
  integrity sha512-ln+uH9OiHy0YSBNRwvHSnL7mQNNBdf3v69o8inHFLmlB258T9XoddWCLypaeRX6n3PLPZmSTlRNejVB5ib8sFA==
  dependencies:
    tsparticles-engine "^2.2.4"

tsparticles-shape-polygon@^2.2.4:
  version "2.2.4"
  resolved "https://registry.yarnpkg.com/tsparticles-shape-polygon/-/tsparticles-shape-polygon-2.2.4.tgz#4fcb951e7eb896e21aa8e66a8abf1d3736d7b890"
  integrity sha512-+jKeYKyL1WP86wYzgTUqcEKAXJNfFvfixxDeOLA+3XBD7ZOFZOr3/F9CjwL3riQv2abvD/c9B01oDWh2qn/d2w==
  dependencies:
    tsparticles-engine "^2.2.4"

tsparticles-shape-square@^2.2.4:
  version "2.2.4"
  resolved "https://registry.yarnpkg.com/tsparticles-shape-square/-/tsparticles-shape-square-2.2.4.tgz#c88b869bad575caa8b2b7ff4111b4d4274ce75d8"
  integrity sha512-0ryM88UcWxzRxFbskgEiHs8U3nGR78qADH+DmHHNhZBOCm5FnzOlvbrAX45mK2zkexqwmqx9S3T29ff8UgsAuw==
  dependencies:
    tsparticles-engine "^2.2.4"

tsparticles-shape-star@^2.2.4:
  version "2.2.4"
  resolved "https://registry.yarnpkg.com/tsparticles-shape-star/-/tsparticles-shape-star-2.2.4.tgz#bb1a6f4a0a5ea28606c69bfe93e3102cda7ae80a"
  integrity sha512-r9qVueaJ7htqElH5PQTGHLCVvFfR4BMlVy7ygmxkp+X2Yx9ICqwiBbAcwiFykcC1MPruU17YB7NpFYPwxrsL7A==
  dependencies:
    tsparticles-engine "^2.2.4"

tsparticles-shape-text@^2.2.4:
  version "2.2.4"
  resolved "https://registry.yarnpkg.com/tsparticles-shape-text/-/tsparticles-shape-text-2.2.4.tgz#35f9b78d8f25e77b9c67cd6b514fc1665e3de59e"
  integrity sha512-jvndhUDvuyMqf6GEm9ijpD9Ymbow15JxbX+xJ2Vap2ztpWKbfAsVr7B4wDZaGIDAIo0aOJsvaCAL5nrL2r3NBA==
  dependencies:
    tsparticles-engine "^2.2.4"

tsparticles-slim@^2.2.4:
  version "2.2.4"
  resolved "https://registry.yarnpkg.com/tsparticles-slim/-/tsparticles-slim-2.2.4.tgz#3fc73c5ddb598f467c68653cce98767b8a96ab0d"
  integrity sha512-ubtDlAMRJowbPriDddcBLqtmGKq3ag34Rfxe3pmbuCiI070rd5y/kKusXyGodyoJFDj52icAeZgDkcLR2/Uydw==
  dependencies:
    tsparticles-engine "^2.2.4"
    tsparticles-interaction-external-attract "^2.2.4"
    tsparticles-interaction-external-bounce "^2.2.4"
    tsparticles-interaction-external-bubble "^2.2.4"
    tsparticles-interaction-external-connect "^2.2.4"
    tsparticles-interaction-external-grab "^2.2.4"
    tsparticles-interaction-external-pause "^2.2.4"
    tsparticles-interaction-external-push "^2.2.4"
    tsparticles-interaction-external-remove "^2.2.4"
    tsparticles-interaction-external-repulse "^2.2.4"
    tsparticles-interaction-particles-attract "^2.2.4"
    tsparticles-interaction-particles-collisions "^2.2.4"
    tsparticles-interaction-particles-links "^2.2.4"
    tsparticles-move-base "^2.2.4"
    tsparticles-move-parallax "^2.2.4"
    tsparticles-particles.js "^2.2.4"
    tsparticles-shape-circle "^2.2.4"
    tsparticles-shape-image "^2.2.4"
    tsparticles-shape-line "^2.2.4"
    tsparticles-shape-polygon "^2.2.4"
    tsparticles-shape-square "^2.2.4"
    tsparticles-shape-star "^2.2.4"
    tsparticles-shape-text "^2.2.4"
    tsparticles-updater-angle "^2.2.4"
    tsparticles-updater-color "^2.2.4"
    tsparticles-updater-life "^2.2.4"
    tsparticles-updater-opacity "^2.2.4"
    tsparticles-updater-out-modes "^2.2.4"
    tsparticles-updater-size "^2.2.4"
    tsparticles-updater-stroke-color "^2.2.4"

tsparticles-updater-angle@^2.2.4:
  version "2.2.4"
  resolved "https://registry.yarnpkg.com/tsparticles-updater-angle/-/tsparticles-updater-angle-2.2.4.tgz#719903dc4ea70e201eeed901ff886b7f9cc41843"
  integrity sha512-1qEObvQUP8A864HHDvlfsfOOIGwQpa/vCpnge+ohdQ1Iu5a2/bClDsgXtYCsZFw85YQl8FdLVIzGQir9zfiv7g==
  dependencies:
    tsparticles-engine "^2.2.4"

tsparticles-updater-color@^2.2.4:
  version "2.2.4"
  resolved "https://registry.yarnpkg.com/tsparticles-updater-color/-/tsparticles-updater-color-2.2.4.tgz#eeb109d7a53a5c116582f7a8b45c6cc6af030f53"
  integrity sha512-8iwiJA0pg96M/AaZDyWzhsm+sey6u1JA/UigV4krp0ihZ/5noZGzTrg6Fm+ki/yLKDv2ovOMfxTHfUa0qutlLQ==
  dependencies:
    tsparticles-engine "^2.2.4"

tsparticles-updater-life@^2.2.4:
  version "2.2.4"
  resolved "https://registry.yarnpkg.com/tsparticles-updater-life/-/tsparticles-updater-life-2.2.4.tgz#c03b7c74466a80eb829d198a2519c6edca2c2731"
  integrity sha512-5wlVkoBwzRkNOe38WZftnjYm5dm99XW2Sq0MfsPrLyKMxxD0TeZDTdZW1TNrJpk7fwSNA8vGcbbWai0GF58frg==
  dependencies:
    tsparticles-engine "^2.2.4"

tsparticles-updater-opacity@^2.2.4:
  version "2.2.4"
  resolved "https://registry.yarnpkg.com/tsparticles-updater-opacity/-/tsparticles-updater-opacity-2.2.4.tgz#619cd592e6a6c3dc2831c2e6b3571c6e94a9808b"
  integrity sha512-klpMCY+y85oXjUatVd7LEROEC2brVTgRULJoN8yphWchmWs/LPLfBPwSz6rA6NGerYZAcbEsHT1uMn76zvxIQQ==
  dependencies:
    tsparticles-engine "^2.2.4"

tsparticles-updater-out-modes@^2.2.4:
  version "2.2.4"
  resolved "https://registry.yarnpkg.com/tsparticles-updater-out-modes/-/tsparticles-updater-out-modes-2.2.4.tgz#ae0d78d8518adb0c71af81819c67051120e8d066"
  integrity sha512-bZheTxw01eSpsc+ipj+e14dgR9znsQjR9FtP7MIT7yFevqu8bqdHteO7dArRlPAZvf7gqpD706/uEdGLXSGN8Q==
  dependencies:
    tsparticles-engine "^2.2.4"

tsparticles-updater-size@^2.2.4:
  version "2.2.4"
  resolved "https://registry.yarnpkg.com/tsparticles-updater-size/-/tsparticles-updater-size-2.2.4.tgz#a8d669bcdb5696b709373f621b853855db3b9c50"
  integrity sha512-J0rq+Sh3+uvgkx4a5QRouPHbhOZLH4sElnPgg8fzd43/Tc8cg0Xp9BV1wDxDWY4TB5mgwwe21JJqmYzV/6hvYw==
  dependencies:
    tsparticles-engine "^2.2.4"

tsparticles-updater-stroke-color@^2.2.4:
  version "2.2.4"
  resolved "https://registry.yarnpkg.com/tsparticles-updater-stroke-color/-/tsparticles-updater-stroke-color-2.2.4.tgz#9d7adc076b1e10b3d0f7baf9b4f83777f9797985"
  integrity sha512-gsVoWDnmgoc0qsH2heDz6KzXe/KNJtU0mnN7S8St5o7xgGfGkd/wyTqgS4y4VYoi5pX99HwCQvd8aQ88b3VJHg==
  dependencies:
    tsparticles-engine "^2.2.4"

typescript@^4.6.4:
  version "4.7.4"
  resolved "https://registry.yarnpkg.com/typescript/-/typescript-4.7.4.tgz#1a88596d1cf47d59507a1bcdfb5b9dfe4d488235"
  integrity sha512-C0WQT0gezHuw6AdY1M2jxUO83Rjf0HP7Sk1DtXj6j1EwkQNZrHAg2XPWlq62oqEhYvONq5pkC2Y9oPljWToLmQ==

vite@^3.0.0:
  version "3.0.3"
  resolved "https://registry.yarnpkg.com/vite/-/vite-3.0.3.tgz#c7b2ed9505a36a04be1d5d23aea4ea6fc028043f"
  integrity sha512-sDIpIcl3mv1NUaSzZwiXGEy1ZoWwwC2vkxUHY6yiDacR6zf//ZFuBJrozO62gedpE43pmxnLATNR5IYUdAEkMQ==
  dependencies:
    esbuild "^0.14.47"
    postcss "^8.4.14"
    resolve "^1.22.1"
    rollup "^2.75.6"
  optionalDependencies:
    fsevents "~2.3.2"
